
Microsoft Visual Studio Solution File, Format Version 12.00
# Visual Studio Version 17
VisualStudioVersion = 17.14.36414.22
MinimumVisualStudioVersion = 10.0.40219.1
Project("{2150E333-8FDC-42A3-9474-1A3956D46DE8}") = "Task0", "Task0", "{02EA681E-C7D8-13C7-8484-4AC65E1B71E8}"
EndProject
Project("{FAE04EC0-301F-11D3-BF4B-00C04F79EFBC}") = "Tyuiu.GaberkornEL.Sprint3.Task0.V8", "Tyuiu.GaberkornEL.Sprint3.Task0.V8\Tyuiu.GaberkornEL.Sprint3.Task0.V8.csproj", "{5527471F-6B72-426B-9C5B-F331E9889D74}"
EndProject
Project("{FAE04EC0-301F-11D3-BF4B-00C04F79EFBC}") = "Tyuiu.GaberkornEL.Sprint3.Task0.V8.Test", "Tyuiu.GaberkornEL.Sprint3.Task0.V8.Test\Tyuiu.GaberkornEL.Sprint3.Task0.V8.Test.csproj", "{B70B3ADE-E3FE-428E-BF5C-FBE21FA7721B}"
EndProject
Project("{FAE04EC0-301F-11D3-BF4B-00C04F79EFBC}") = "Tyuiu.GaberkornEL.Sprint3.Task0.V8.Lib", "Tyuiu.GaberkornEL.Sprint3.Task0.V8.Lib\Tyuiu.GaberkornEL.Sprint3.Task0.V8.Lib.csproj", "{C57714CC-AC00-4EAC-994E-76199B776AC1}"
EndProject
Project("{2150E333-8FDC-42A3-9474-1A3956D46DE8}") = "Task1", "Task1", "{57D9B2DE-9EB6-4020-984F-78AC6B877553}"
EndProject
Project("{2150E333-8FDC-42A3-9474-1A3956D46DE8}") = "Task2", "Task2", "{D36102C7-AD28-42C0-8C73-C7937A290CE4}"
EndProject
Project("{2150E333-8FDC-42A3-9474-1A3956D46DE8}") = "Task3", "Task3", "{FF847A37-6765-416D-AEF2-6D57CBE19473}"
EndProject
Project("{FAE04EC0-301F-11D3-BF4B-00C04F79EFBC}") = "Tyuiu.GaberkornEL.Sprint3.Task1.V3", "Tyuiu.GaberkornEL.Sprint3.Task1.V3\Tyuiu.GaberkornEL.Sprint3.Task1.V3.csproj", "{D5DA5975-B503-462E-B6C6-C750F60875EE}"
EndProject
Project("{FAE04EC0-301F-11D3-BF4B-00C04F79EFBC}") = "Tyuiu.GaberkornEL.Sprint3.Task1.V3.Lib", "Tyuiu.GaberkornEL.Sprint3.Task1.V3.Lib\Tyuiu.GaberkornEL.Sprint3.Task1.V3.Lib.csproj", "{A2AE73B7-502F-403D-8A5B-FC160E16C821}"
EndProject
Project("{FAE04EC0-301F-11D3-BF4B-00C04F79EFBC}") = "Tyuiu.GaberkornEL.Sprint3.Task1.V3.Test", "Tyuiu.GaberkornEL.Sprint3.Task1.V3.Test\Tyuiu.GaberkornEL.Sprint3.Task1.V3.Test.csproj", "{BB23F22B-3221-45E6-A018-FB7A2BDCA6B3}"
EndProject
Project("{FAE04EC0-301F-11D3-BF4B-00C04F79EFBC}") = "Tyuiu.GaberkornEL.Sprint3.Task2.V27", "Tyuiu.GaberkornEL.Sprint3.Task2.V27\Tyuiu.GaberkornEL.Sprint3.Task2.V27.csproj", "{C80C5C24-859D-4F14-B26E-F254B8D11605}"
EndProject
Project("{FAE04EC0-301F-11D3-BF4B-00C04F79EFBC}") = "Tyuiu.GaberkornEL.Sprint3.Task2.V27.Lib", "Tyuiu.GaberkornEL.Sprint3.Task2.V27.Lib\Tyuiu.GaberkornEL.Sprint3.Task2.V27.Lib.csproj", "{577015F4-6C97-4158-A092-27EFEB4029AC}"
EndProject
Project("{FAE04EC0-301F-11D3-BF4B-00C04F79EFBC}") = "Tyuiu.GaberkornEL.Sprint3.Task2.V27.Test", "Tyuiu.GaberkornEL.Sprint3.Task2.V27.Test\Tyuiu.GaberkornEL.Sprint3.Task2.V27.Test.csproj", "{807217FD-1BF6-488E-BD37-F3934AB8A2A3}"
EndProject
Project("{FAE04EC0-301F-11D3-BF4B-00C04F79EFBC}") = "Tyuiu.GaberkornEL.Sprint3.Task3.V11", "Tyuiu.GaberkornEL.Sprint3.Task3.V11\Tyuiu.GaberkornEL.Sprint3.Task3.V11.csproj", "{9988C0AE-4A6F-46F8-9FBA-00CBFFC19188}"
EndProject
Project("{FAE04EC0-301F-11D3-BF4B-00C04F79EFBC}") = "Tyuiu.GaberkornEL.Sprint3.Task3.V11.Test", "Tyuiu.GaberkornEL.Sprint3.Task3.V11.Test\Tyuiu.GaberkornEL.Sprint3.Task3.V11.Test.csproj", "{11A1D9E6-650D-43A3-91E6-6499AA7BFF7E}"
EndProject
Project("{FAE04EC0-301F-11D3-BF4B-00C04F79EFBC}") = "Tyuiu.GaberkornEL.Sprint3.Task3.V11.Lib", "Tyuiu.GaberkornEL.Sprint3.Task3.V11.Lib\Tyuiu.GaberkornEL.Sprint3.Task3.V11.Lib.csproj", "{693D4294-5AAE-473B-889D-B750B26F08C0}"
EndProject
Project("{2150E333-8FDC-42A3-9474-1A3956D46DE8}") = "Task4", "Task4", "{424477C8-1C41-4C2C-AA96-3567C3813A8D}"
EndProject
Project("{2150E333-8FDC-42A3-9474-1A3956D46DE8}") = "Task5", "Task5", "{9A81D7A2-CB8C-4AD9-861F-1151EF6E9E4B}"
EndProject
Project("{2150E333-8FDC-42A3-9474-1A3956D46DE8}") = "Task6", "Task6", "{F986AD88-4560-4120-9B37-70E6D3E73ABE}"
EndProject
Project("{2150E333-8FDC-42A3-9474-1A3956D46DE8}") = "Task7", "Task7", "{998BAD0C-4164-495C-AF7C-C394DC0A9838}"
EndProject
Project("{FAE04EC0-301F-11D3-BF4B-00C04F79EFBC}") = "Tyuiu.GaberkornEL.Sprint3.Task4.V27", "Tyuiu.GaberkornEL.Sprint3.Task4.V27\Tyuiu.GaberkornEL.Sprint3.Task4.V27.csproj", "{F9D9C26B-DB9E-4766-8067-C24F6C7EE34F}"
EndProject
Project("{FAE04EC0-301F-11D3-BF4B-00C04F79EFBC}") = "Tyuiu.GaberkornEL.Sprint3.Task4.V27.Lib", "Tyuiu.GaberkornEL.Sprint3.Task4.V27.Lib\Tyuiu.GaberkornEL.Sprint3.Task4.V27.Lib.csproj", "{387CB1C8-AC07-43D2-88D8-7886C88E59B5}"
EndProject
Project("{FAE04EC0-301F-11D3-BF4B-00C04F79EFBC}") = "Tyuiu.GaberkornEL.Sprint3.Task4.V27.Test", "Tyuiu.GaberkornEL.Sprint3.Task4.V27.Test\Tyuiu.GaberkornEL.Sprint3.Task4.V27.Test.csproj", "{B7995867-1779-4592-9302-BADC5DB6846E}"
EndProject
Project("{FAE04EC0-301F-11D3-BF4B-00C04F79EFBC}") = "Tyuiu.GaberkornEL.Sprint3.Task5.V10", "Tyuiu.GaberkornEL.Sprint3.Task5.V10\Tyuiu.GaberkornEL.Sprint3.Task5.V10.csproj", "{27E880B2-1FFD-498F-BDCF-98F403560BA7}"
EndProject
Project("{FAE04EC0-301F-11D3-BF4B-00C04F79EFBC}") = "Tyuiu.GaberkornEL.Sprint3.Task5.V10.Lib", "Tyuiu.GaberkornEL.Sprint3.Task5.V10.Lib\Tyuiu.GaberkornEL.Sprint3.Task5.V10.Lib.csproj", "{07330EEB-AD5F-4F16-9DA2-C0EED1D33414}"
EndProject
Project("{FAE04EC0-301F-11D3-BF4B-00C04F79EFBC}") = "Tyuiu.GaberkornEL.Sprint3.Task5.V10.Test", "Tyuiu.GaberkornEL.Sprint3.Task5.V10.Test\Tyuiu.GaberkornEL.Sprint3.Task5.V10.Test.csproj", "{FCA2D92A-5F59-4BCC-B414-3C45A5D7023E}"
EndProject
Global
	GlobalSection(SolutionConfigurationPlatforms) = preSolution
		Debug|Any CPU = Debug|Any CPU
		Release|Any CPU = Release|Any CPU
	EndGlobalSection
	GlobalSection(ProjectConfigurationPlatforms) = postSolution
		{5527471F-6B72-426B-9C5B-F331E9889D74}.Debug|Any CPU.ActiveCfg = Debug|Any CPU
		{5527471F-6B72-426B-9C5B-F331E9889D74}.Debug|Any CPU.Build.0 = Debug|Any CPU
		{5527471F-6B72-426B-9C5B-F331E9889D74}.Release|Any CPU.ActiveCfg = Release|Any CPU
		{5527471F-6B72-426B-9C5B-F331E9889D74}.Release|Any CPU.Build.0 = Release|Any CPU
		{B70B3ADE-E3FE-428E-BF5C-FBE21FA7721B}.Debug|Any CPU.ActiveCfg = Debug|Any CPU
		{B70B3ADE-E3FE-428E-BF5C-FBE21FA7721B}.Debug|Any CPU.Build.0 = Debug|Any CPU
		{B70B3ADE-E3FE-428E-BF5C-FBE21FA7721B}.Release|Any CPU.ActiveCfg = Release|Any CPU
		{B70B3ADE-E3FE-428E-BF5C-FBE21FA7721B}.Release|Any CPU.Build.0 = Release|Any CPU
		{C57714CC-AC00-4EAC-994E-76199B776AC1}.Debug|Any CPU.ActiveCfg = Debug|Any CPU
		{C57714CC-AC00-4EAC-994E-76199B776AC1}.Debug|Any CPU.Build.0 = Debug|Any CPU
		{C57714CC-AC00-4EAC-994E-76199B776AC1}.Release|Any CPU.ActiveCfg = Release|Any CPU
		{C57714CC-AC00-4EAC-994E-76199B776AC1}.Release|Any CPU.Build.0 = Release|Any CPU
		{D5DA5975-B503-462E-B6C6-C750F60875EE}.Debug|Any CPU.ActiveCfg = Debug|Any CPU
		{D5DA5975-B503-462E-B6C6-C750F60875EE}.Debug|Any CPU.Build.0 = Debug|Any CPU
		{D5DA5975-B503-462E-B6C6-C750F60875EE}.Release|Any CPU.ActiveCfg = Release|Any CPU
		{D5DA5975-B503-462E-B6C6-C750F60875EE}.Release|Any CPU.Build.0 = Release|Any CPU
		{A2AE73B7-502F-403D-8A5B-FC160E16C821}.Debug|Any CPU.ActiveCfg = Debug|Any CPU
		{A2AE73B7-502F-403D-8A5B-FC160E16C821}.Debug|Any CPU.Build.0 = Debug|Any CPU
		{A2AE73B7-502F-403D-8A5B-FC160E16C821}.Release|Any CPU.ActiveCfg = Release|Any CPU
		{A2AE73B7-502F-403D-8A5B-FC160E16C821}.Release|Any CPU.Build.0 = Release|Any CPU
		{BB23F22B-3221-45E6-A018-FB7A2BDCA6B3}.Debug|Any CPU.ActiveCfg = Debug|Any CPU
		{BB23F22B-3221-45E6-A018-FB7A2BDCA6B3}.Debug|Any CPU.Build.0 = Debug|Any CPU
		{BB23F22B-3221-45E6-A018-FB7A2BDCA6B3}.Release|Any CPU.ActiveCfg = Release|Any CPU
		{BB23F22B-3221-45E6-A018-FB7A2BDCA6B3}.Release|Any CPU.Build.0 = Release|Any CPU
		{C80C5C24-859D-4F14-B26E-F254B8D11605}.Debug|Any CPU.ActiveCfg = Debug|Any CPU
		{C80C5C24-859D-4F14-B26E-F254B8D11605}.Debug|Any CPU.Build.0 = Debug|Any CPU
		{C80C5C24-859D-4F14-B26E-F254B8D11605}.Release|Any CPU.ActiveCfg = Release|Any CPU
		{C80C5C24-859D-4F14-B26E-F254B8D11605}.Release|Any CPU.Build.0 = Release|Any CPU
		{577015F4-6C97-4158-A092-27EFEB4029AC}.Debug|Any CPU.ActiveCfg = Debug|Any CPU
		{577015F4-6C97-4158-A092-27EFEB4029AC}.Debug|Any CPU.Build.0 = Debug|Any CPU
		{577015F4-6C97-4158-A092-27EFEB4029AC}.Release|Any CPU.ActiveCfg = Release|Any CPU
		{577015F4-6C97-4158-A092-27EFEB4029AC}.Release|Any CPU.Build.0 = Release|Any CPU
		{807217FD-1BF6-488E-BD37-F3934AB8A2A3}.Debug|Any CPU.ActiveCfg = Debug|Any CPU
		{807217FD-1BF6-488E-BD37-F3934AB8A2A3}.Debug|Any CPU.Build.0 = Debug|Any CPU
		{807217FD-1BF6-488E-BD37-F3934AB8A2A3}.Release|Any CPU.ActiveCfg = Release|Any CPU
		{807217FD-1BF6-488E-BD37-F3934AB8A2A3}.Release|Any CPU.Build.0 = Release|Any CPU
		{9988C0AE-4A6F-46F8-9FBA-00CBFFC19188}.Debug|Any CPU.ActiveCfg = Debug|Any CPU
		{9988C0AE-4A6F-46F8-9FBA-00CBFFC19188}.Debug|Any CPU.Build.0 = Debug|Any CPU
		{9988C0AE-4A6F-46F8-9FBA-00CBFFC19188}.Release|Any CPU.ActiveCfg = Release|Any CPU
		{9988C0AE-4A6F-46F8-9FBA-00CBFFC19188}.Release|Any CPU.Build.0 = Release|Any CPU
		{11A1D9E6-650D-43A3-91E6-6499AA7BFF7E}.Debug|Any CPU.ActiveCfg = Debug|Any CPU
		{11A1D9E6-650D-43A3-91E6-6499AA7BFF7E}.Debug|Any CPU.Build.0 = Debug|Any CPU
		{11A1D9E6-650D-43A3-91E6-6499AA7BFF7E}.Release|Any CPU.ActiveCfg = Release|Any CPU
		{11A1D9E6-650D-43A3-91E6-6499AA7BFF7E}.Release|Any CPU.Build.0 = Release|Any CPU
		{693D4294-5AAE-473B-889D-B750B26F08C0}.Debug|Any CPU.ActiveCfg = Debug|Any CPU
		{693D4294-5AAE-473B-889D-B750B26F08C0}.Debug|Any CPU.Build.0 = Debug|Any CPU
		{693D4294-5AAE-473B-889D-B750B26F08C0}.Release|Any CPU.ActiveCfg = Release|Any CPU
		{693D4294-5AAE-473B-889D-B750B26F08C0}.Release|Any CPU.Build.0 = Release|Any CPU
		{F9D9C26B-DB9E-4766-8067-C24F6C7EE34F}.Debug|Any CPU.ActiveCfg = Debug|Any CPU
		{F9D9C26B-DB9E-4766-8067-C24F6C7EE34F}.Debug|Any CPU.Build.0 = Debug|Any CPU
		{F9D9C26B-DB9E-4766-8067-C24F6C7EE34F}.Release|Any CPU.ActiveCfg = Release|Any CPU
		{F9D9C26B-DB9E-4766-8067-C24F6C7EE34F}.Release|Any CPU.Build.0 = Release|Any CPU
		{387CB1C8-AC07-43D2-88D8-7886C88E59B5}.Debug|Any CPU.ActiveCfg = Debug|Any CPU
		{387CB1C8-AC07-43D2-88D8-7886C88E59B5}.Debug|Any CPU.Build.0 = Debug|Any CPU
		{387CB1C8-AC07-43D2-88D8-7886C88E59B5}.Release|Any CPU.ActiveCfg = Release|Any CPU
		{387CB1C8-AC07-43D2-88D8-7886C88E59B5}.Release|Any CPU.Build.0 = Release|Any CPU
		{B7995867-1779-4592-9302-BADC5DB6846E}.Debug|Any CPU.ActiveCfg = Debug|Any CPU
		{B7995867-1779-4592-9302-BADC5DB6846E}.Debug|Any CPU.Build.0 = Debug|Any CPU
		{B7995867-1779-4592-9302-BADC5DB6846E}.Release|Any CPU.ActiveCfg = Release|Any CPU
		{B7995867-1779-4592-9302-BADC5DB6846E}.Release|Any CPU.Build.0 = Release|Any CPU
		{27E880B2-1FFD-498F-BDCF-98F403560BA7}.Debug|Any CPU.ActiveCfg = Debug|Any CPU
		{27E880B2-1FFD-498F-BDCF-98F403560BA7}.Debug|Any CPU.Build.0 = Debug|Any CPU
		{27E880B2-1FFD-498F-BDCF-98F403560BA7}.Release|Any CPU.ActiveCfg = Release|Any CPU
		{27E880B2-1FFD-498F-BDCF-98F403560BA7}.Release|Any CPU.Build.0 = Release|Any CPU
		{07330EEB-AD5F-4F16-9DA2-C0EED1D33414}.Debug|Any CPU.ActiveCfg = Debug|Any CPU
		{07330EEB-AD5F-4F16-9DA2-C0EED1D33414}.Debug|Any CPU.Build.0 = Debug|Any CPU
		{07330EEB-AD5F-4F16-9DA2-C0EED1D33414}.Release|Any CPU.ActiveCfg = Release|Any CPU
		{07330EEB-AD5F-4F16-9DA2-C0EED1D33414}.Release|Any CPU.Build.0 = Release|Any CPU
		{FCA2D92A-5F59-4BCC-B414-3C45A5D7023E}.Debug|Any CPU.ActiveCfg = Debug|Any CPU
		{FCA2D92A-5F59-4BCC-B414-3C45A5D7023E}.Debug|Any CPU.Build.0 = Debug|Any CPU
		{FCA2D92A-5F59-4BCC-B414-3C45A5D7023E}.Release|Any CPU.ActiveCfg = Release|Any CPU
		{FCA2D92A-5F59-4BCC-B414-3C45A5D7023E}.Release|Any CPU.Build.0 = Release|Any CPU
	EndGlobalSection
	GlobalSection(SolutionProperties) = preSolution
		HideSolutionNode = FALSE
	EndGlobalSection
	GlobalSection(NestedProjects) = preSolution
		{5527471F-6B72-426B-9C5B-F331E9889D74} = {02EA681E-C7D8-13C7-8484-4AC65E1B71E8}
		{B70B3ADE-E3FE-428E-BF5C-FBE21FA7721B} = {02EA681E-C7D8-13C7-8484-4AC65E1B71E8}
		{C57714CC-AC00-4EAC-994E-76199B776AC1} = {02EA681E-C7D8-13C7-8484-4AC65E1B71E8}
		{D5DA5975-B503-462E-B6C6-C750F60875EE} = {57D9B2DE-9EB6-4020-984F-78AC6B877553}
		{A2AE73B7-502F-403D-8A5B-FC160E16C821} = {57D9B2DE-9EB6-4020-984F-78AC6B877553}
		{BB23F22B-3221-45E6-A018-FB7A2BDCA6B3} = {57D9B2DE-9EB6-4020-984F-78AC6B877553}
		{C80C5C24-859D-4F14-B26E-F254B8D11605} = {D36102C7-AD28-42C0-8C73-C7937A290CE4}
		{577015F4-6C97-4158-A092-27EFEB4029AC} = {D36102C7-AD28-42C0-8C73-C7937A290CE4}
		{807217FD-1BF6-488E-BD37-F3934AB8A2A3} = {D36102C7-AD28-42C0-8C73-C7937A290CE4}
		{9988C0AE-4A6F-46F8-9FBA-00CBFFC19188} = {FF847A37-6765-416D-AEF2-6D57CBE19473}
		{11A1D9E6-650D-43A3-91E6-6499AA7BFF7E} = {FF847A37-6765-416D-AEF2-6D57CBE19473}
		{693D4294-5AAE-473B-889D-B750B26F08C0} = {FF847A37-6765-416D-AEF2-6D57CBE19473}
		{F9D9C26B-DB9E-4766-8067-C24F6C7EE34F} = {424477C8-1C41-4C2C-AA96-3567C3813A8D}
		{387CB1C8-AC07-43D2-88D8-7886C88E59B5} = {424477C8-1C41-4C2C-AA96-3567C3813A8D}
		{B7995867-1779-4592-9302-BADC5DB6846E} = {424477C8-1C41-4C2C-AA96-3567C3813A8D}
		{27E880B2-1FFD-498F-BDCF-98F403560BA7} = {9A81D7A2-CB8C-4AD9-861F-1151EF6E9E4B}
		{07330EEB-AD5F-4F16-9DA2-C0EED1D33414} = {9A81D7A2-CB8C-4AD9-861F-1151EF6E9E4B}
		{FCA2D92A-5F59-4BCC-B414-3C45A5D7023E} = {9A81D7A2-CB8C-4AD9-861F-1151EF6E9E4B}
	EndGlobalSection
	GlobalSection(ExtensibilityGlobals) = postSolution
		SolutionGuid = {30B61257-34E0-406F-BC8F-FD8946DD9B17}
	EndGlobalSection
EndGlobal
